
Microsoft Visual Studio Solution File, Format Version 12.00
# Visual Studio Version 17
VisualStudioVersion = 17.9.34622.214
MinimumVisualStudioVersion = 10.0.40219.1
Project("{9A19103F-16F7-4668-BE54-9A1E7A4F7556}") = "Laby2API_Forms", "Laby2API\Laby2API_Forms.csproj", "{BC5622AE-A5CC-46A7-80B4-8B4C1A0F217F}"
EndProject
Project("{FAE04EC0-301F-11D3-BF4B-00C04F79EFBC}") = "ApiStudent", "ApiStudent\ApiStudent.csproj", "{8D612558-D43A-4A86-8508-63D152931332}"
EndProject
Global
	GlobalSection(SolutionConfigurationPlatforms) = preSolution
		Debug|Any CPU = Debug|Any CPU
		Release|Any CPU = Release|Any CPU
	EndGlobalSection
	GlobalSection(ProjectConfigurationPlatforms) = postSolution
		{BC5622AE-A5CC-46A7-80B4-8B4C1A0F217F}.Debug|Any CPU.ActiveCfg = Debug|Any CPU
		{BC5622AE-A5CC-46A7-80B4-8B4C1A0F217F}.Debug|Any CPU.Build.0 = Debug|Any CPU
		{BC5622AE-A5CC-46A7-80B4-8B4C1A0F217F}.Release|Any CPU.ActiveCfg = Release|Any CPU
		{BC5622AE-A5CC-46A7-80B4-8B4C1A0F217F}.Release|Any CPU.Build.0 = Release|Any CPU
		{8D612558-D43A-4A86-8508-63D152931332}.Debug|Any CPU.ActiveCfg = Debug|Any CPU
		{8D612558-D43A-4A86-8508-63D152931332}.Debug|Any CPU.Build.0 = Debug|Any CPU
		{8D612558-D43A-4A86-8508-63D152931332}.Release|Any CPU.ActiveCfg = Release|Any CPU
		{8D612558-D43A-4A86-8508-63D152931332}.Release|Any CPU.Build.0 = Release|Any CPU
	EndGlobalSection
	GlobalSection(SolutionProperties) = preSolution
		HideSolutionNode = FALSE
	EndGlobalSection
	GlobalSection(ExtensibilityGlobals) = postSolution
		SolutionGuid = {1103517F-A186-449B-AD0D-05BFC74AF123}
	EndGlobalSection
EndGlobal
